
Microsoft Visual Studio Solution File, Format Version 12.00
# Visual Studio Version 16
VisualStudioVersion = 16.0.810.17
MinimumVisualStudioVersion = 10.0.40219.1
Project("{FAE04EC0-301F-11D3-BF4B-00C04F79EFBC}") = "Investec_Candidate_Assessment", "Investec_Candidate_Assessment\Investec_Candidate_Assessment.csproj", "{D863F413-9360-4386-B5FF-3CDF92B6AE4B}"
EndProject
Global
	GlobalSection(SolutionConfigurationPlatforms) = preSolution
		Debug|Any CPU = Debug|Any CPU
		Release|Any CPU = Release|Any CPU
	EndGlobalSection
	GlobalSection(ProjectConfigurationPlatforms) = postSolution
		{D863F413-9360-4386-B5FF-3CDF92B6AE4B}.Debug|Any CPU.ActiveCfg = Debug|Any CPU
		{D863F413-9360-4386-B5FF-3CDF92B6AE4B}.Debug|Any CPU.Build.0 = Debug|Any CPU
		{D863F413-9360-4386-B5FF-3CDF92B6AE4B}.Release|Any CPU.ActiveCfg = Release|Any CPU
		{D863F413-9360-4386-B5FF-3CDF92B6AE4B}.Release|Any CPU.Build.0 = Release|Any CPU
	EndGlobalSection
	GlobalSection(SolutionProperties) = preSolution
		HideSolutionNode = FALSE
	EndGlobalSection
	GlobalSection(ExtensibilityGlobals) = postSolution
		SolutionGuid = {C5EC5C4E-BE13-47B3-A6BD-B936DE1B050A}
	EndGlobalSection
EndGlobal
